// !$*UTF8*$!
{
	archiveVersion = 1;
	classes = {
	};
	objectVersion = 56;
	objects = {

/* Begin PBXBuildFile section */
		8035B167291A98F1006ACB48 /* InfoViewController.swift in Sources */ = {isa = PBXBuildFile; fileRef = 8035B166291A98F1006ACB48 /* InfoViewController.swift */; };
		8035B169291A9950006ACB48 /* HobbiesViewController.swift in Sources */ = {isa = PBXBuildFile; fileRef = 8035B168291A9950006ACB48 /* HobbiesViewController.swift */; };
		8035B16B291A997A006ACB48 /* PhotoViewController.swift in Sources */ = {isa = PBXBuildFile; fileRef = 8035B16A291A997A006ACB48 /* PhotoViewController.swift */; };
		8035B172291A9EEC006ACB48 /* User.swift in Sources */ = {isa = PBXBuildFile; fileRef = 8035B171291A9EEC006ACB48 /* User.swift */; };
		80C16830291524BF00F39490 /* AppDelegate.swift in Sources */ = {isa = PBXBuildFile; fileRef = 80C1682F291524BF00F39490 /* AppDelegate.swift */; };
		80C16832291524BF00F39490 /* SceneDelegate.swift in Sources */ = {isa = PBXBuildFile; fileRef = 80C16831291524BF00F39490 /* SceneDelegate.swift */; };
		80C16834291524BF00F39490 /* LoginViewController.swift in Sources */ = {isa = PBXBuildFile; fileRef = 80C16833291524BF00F39490 /* LoginViewController.swift */; };
		80C16837291524BF00F39490 /* Main.storyboard in Resources */ = {isa = PBXBuildFile; fileRef = 80C16835291524BF00F39490 /* Main.storyboard */; };
		80C16839291524C100F39490 /* Assets.xcassets in Resources */ = {isa = PBXBuildFile; fileRef = 80C16838291524C100F39490 /* Assets.xcassets */; };
		80C1683C291524C100F39490 /* LaunchScreen.storyboard in Resources */ = {isa = PBXBuildFile; fileRef = 80C1683A291524C100F39490 /* LaunchScreen.storyboard */; };
		80C16844291525D400F39490 /* WelcomeViewController.swift in Sources */ = {isa = PBXBuildFile; fileRef = 80C16843291525D400F39490 /* WelcomeViewController.swift */; };
/* End PBXBuildFile section */

/* Begin PBXFileReference section */
		8035B166291A98F1006ACB48 /* InfoViewController.swift */ = {isa = PBXFileReference; lastKnownFileType = sourcecode.swift; path = InfoViewController.swift; sourceTree = "<group>"; };
		8035B168291A9950006ACB48 /* HobbiesViewController.swift */ = {isa = PBXFileReference; lastKnownFileType = sourcecode.swift; path = HobbiesViewController.swift; sourceTree = "<group>"; };
		8035B16A291A997A006ACB48 /* PhotoViewController.swift */ = {isa = PBXFileReference; lastKnownFileType = sourcecode.swift; path = PhotoViewController.swift; sourceTree = "<group>"; };
		8035B171291A9EEC006ACB48 /* User.swift */ = {isa = PBXFileReference; lastKnownFileType = sourcecode.swift; path = User.swift; sourceTree = "<group>"; };
		80C1682C291524BF00F39490 /* AuthorizationApp.app */ = {isa = PBXFileReference; explicitFileType = wrapper.application; includeInIndex = 0; path = AuthorizationApp.app; sourceTree = BUILT_PRODUCTS_DIR; };
		80C1682F291524BF00F39490 /* AppDelegate.swift */ = {isa = PBXFileReference; lastKnownFileType = sourcecode.swift; path = AppDelegate.swift; sourceTree = "<group>"; };
		80C16831291524BF00F39490 /* SceneDelegate.swift */ = {isa = PBXFileReference; lastKnownFileType = sourcecode.swift; path = SceneDelegate.swift; sourceTree = "<group>"; };
		80C16833291524BF00F39490 /* LoginViewController.swift */ = {isa = PBXFileReference; lastKnownFileType = sourcecode.swift; path = LoginViewController.swift; sourceTree = "<group>"; };
		80C16836291524BF00F39490 /* Base */ = {isa = PBXFileReference; lastKnownFileType = file.storyboard; name = Base; path = Base.lproj/Main.storyboard; sourceTree = "<group>"; };
		80C16838291524C100F39490 /* Assets.xcassets */ = {isa = PBXFileReference; lastKnownFileType = folder.assetcatalog; path = Assets.xcassets; sourceTree = "<group>"; };
		80C1683B291524C100F39490 /* Base */ = {isa = PBXFileReference; lastKnownFileType = file.storyboard; name = Base; path = Base.lproj/LaunchScreen.storyboard; sourceTree = "<group>"; };
		80C1683D291524C100F39490 /* Info.plist */ = {isa = PBXFileReference; lastKnownFileType = text.plist.xml; path = Info.plist; sourceTree = "<group>"; };
		80C16843291525D400F39490 /* WelcomeViewController.swift */ = {isa = PBXFileReference; lastKnownFileType = sourcecode.swift; path = WelcomeViewController.swift; sourceTree = "<group>"; };
/* End PBXFileReference section */

/* Begin PBXFrameworksBuildPhase section */
		80C16829291524BF00F39490 /* Frameworks */ = {
			isa = PBXFrameworksBuildPhase;
			buildActionMask = 2147483647;
			files = (
			);
			runOnlyForDeploymentPostprocessing = 0;
		};
/* End PBXFrameworksBuildPhase section */

/* Begin PBXGroup section */
		8035B16D291A9D69006ACB48 /* ViewControllers */ = {
			isa = PBXGroup;
			children = (
				80C16833291524BF00F39490 /* LoginViewController.swift */,
				8035B166291A98F1006ACB48 /* InfoViewController.swift */,
				8035B168291A9950006ACB48 /* HobbiesViewController.swift */,
				8035B16A291A997A006ACB48 /* PhotoViewController.swift */,
				80C16843291525D400F39490 /* WelcomeViewController.swift */,
			);
			path = ViewControllers;
			sourceTree = "<group>";
		};
		8035B16E291A9DD0006ACB48 /* App */ = {
			isa = PBXGroup;
			children = (
				80C1682F291524BF00F39490 /* AppDelegate.swift */,
				80C16831291524BF00F39490 /* SceneDelegate.swift */,
				80C1683D291524C100F39490 /* Info.plist */,
			);
			path = App;
			sourceTree = "<group>";
		};
		8035B16F291A9E45006ACB48 /* Storyboards */ = {
			isa = PBXGroup;
			children = (
				80C16835291524BF00F39490 /* Main.storyboard */,
				80C1683A291524C100F39490 /* LaunchScreen.storyboard */,
			);
			path = Storyboards;
			sourceTree = "<group>";
		};
		8035B170291A9E9B006ACB48 /* Resources */ = {
			isa = PBXGroup;
			children = (
				80C16838291524C100F39490 /* Assets.xcassets */,
			);
			path = Resources;
			sourceTree = "<group>";
		};
		8035B173291A9EF2006ACB48 /* Models */ = {
			isa = PBXGroup;
			children = (
				8035B171291A9EEC006ACB48 /* User.swift */,
			);
			path = Models;
			sourceTree = "<group>";
		};
		80C16823291524BF00F39490 = {
			isa = PBXGroup;
			children = (
				80C1682E291524BF00F39490 /* AuthorizationApp */,
				80C1682D291524BF00F39490 /* Products */,
			);
			sourceTree = "<group>";
		};
		80C1682D291524BF00F39490 /* Products */ = {
			isa = PBXGroup;
			children = (
				80C1682C291524BF00F39490 /* AuthorizationApp.app */,
			);
			name = Products;
			sourceTree = "<group>";
		};
		80C1682E291524BF00F39490 /* AuthorizationApp */ = {
			isa = PBXGroup;
			children = (
				8035B173291A9EF2006ACB48 /* Models */,
				8035B16E291A9DD0006ACB48 /* App */,
				8035B16F291A9E45006ACB48 /* Storyboards */,
				8035B16D291A9D69006ACB48 /* ViewControllers */,
				8035B170291A9E9B006ACB48 /* Resources */,
			);
			path = AuthorizationApp;
			sourceTree = "<group>";
		};
/* End PBXGroup section */

/* Begin PBXNativeTarget section */
		80C1682B291524BF00F39490 /* AuthorizationApp */ = {
			isa = PBXNativeTarget;
			buildConfigurationList = 80C16840291524C100F39490 /* Build configuration list for PBXNativeTarget "AuthorizationApp" */;
			buildPhases = (
				80C16828291524BF00F39490 /* Sources */,
				80C16829291524BF00F39490 /* Frameworks */,
				80C1682A291524BF00F39490 /* Resources */,
			);
			buildRules = (
			);
			dependencies = (
			);
			name = AuthorizationApp;
			productName = AuthorizationApp;
			productReference = 80C1682C291524BF00F39490 /* AuthorizationApp.app */;
			productType = "com.apple.product-type.application";
		};
/* End PBXNativeTarget section */

/* Begin PBXProject section */
		80C16824291524BF00F39490 /* Project object */ = {
			isa = PBXProject;
			attributes = {
				BuildIndependentTargetsInParallel = 1;
				LastSwiftUpdateCheck = 1400;
				LastUpgradeCheck = 1400;
				TargetAttributes = {
					80C1682B291524BF00F39490 = {
						CreatedOnToolsVersion = 14.0.1;
					};
				};
			};
			buildConfigurationList = 80C16827291524BF00F39490 /* Build configuration list for PBXProject "AuthorizationApp" */;
			compatibilityVersion = "Xcode 14.0";
			developmentRegion = en;
			hasScannedForEncodings = 0;
			knownRegions = (
				en,
				Base,
			);
			mainGroup = 80C16823291524BF00F39490;
			productRefGroup = 80C1682D291524BF00F39490 /* Products */;
			projectDirPath = "";
			projectRoot = "";
			targets = (
				80C1682B291524BF00F39490 /* AuthorizationApp */,
			);
		};
/* End PBXProject section */

/* Begin PBXResourcesBuildPhase section */
		80C1682A291524BF00F39490 /* Resources */ = {
			isa = PBXResourcesBuildPhase;
			buildActionMask = 2147483647;
			files = (
				80C1683C291524C100F39490 /* LaunchScreen.storyboard in Resources */,
				80C16839291524C100F39490 /* Assets.xcassets in Resources */,
				80C16837291524BF00F39490 /* Main.storyboard in Resources */,
			);
			runOnlyForDeploymentPostprocessing = 0;
		};
/* End PBXResourcesBuildPhase section */

/* Begin PBXSourcesBuildPhase section */
		80C16828291524BF00F39490 /* Sources */ = {
			isa = PBXSourcesBuildPhase;
			buildActionMask = 2147483647;
			files = (
				8035B169291A9950006ACB48 /* HobbiesViewController.swift in Sources */,
				8035B167291A98F1006ACB48 /* InfoViewController.swift in Sources */,
				80C16834291524BF00F39490 /* LoginViewController.swift in Sources */,
				80C16830291524BF00F39490 /* AppDelegate.swift in Sources */,
				8035B172291A9EEC006ACB48 /* User.swift in Sources */,
				8035B16B291A997A006ACB48 /* PhotoViewController.swift in Sources */,
				80C16844291525D400F39490 /* WelcomeViewController.swift in Sources */,
				80C16832291524BF00F39490 /* SceneDelegate.swift in Sources */,
			);
			runOnlyForDeploymentPostprocessing = 0;
		};
/* End PBXSourcesBuildPhase section */

/* Begin PBXVariantGroup section */
		80C16835291524BF00F39490 /* Main.storyboard */ = {
			isa = PBXVariantGroup;
			children = (
				80C16836291524BF00F39490 /* Base */,
			);
			name = Main.storyboard;
			sourceTree = "<group>";
		};
		80C1683A291524C100F39490 /* LaunchScreen.storyboard */ = {
			isa = PBXVariantGroup;
			children = (
				80C1683B291524C100F39490 /* Base */,
			);
			name = LaunchScreen.storyboard;
			sourceTree = "<group>";
		};
/* End PBXVariantGroup section */

/* Begin XCBuildConfiguration section */
		80C1683E291524C100F39490 /* Debug */ = {
			isa = XCBuildConfiguration;
			buildSettings = {
				ALWAYS_SEARCH_USER_PATHS = NO;
				CLANG_ANALYZER_NONNULL = YES;
				CLANG_ANALYZER_NUMBER_OBJECT_CONVERSION = YES_AGGRESSIVE;
				CLANG_CXX_LANGUAGE_STANDARD = "gnu++20";
				CLANG_ENABLE_MODULES = YES;
				CLANG_ENABLE_OBJC_ARC = YES;
				CLANG_ENABLE_OBJC_WEAK = YES;
				CLANG_WARN_BLOCK_CAPTURE_AUTORELEASING = YES;
				CLANG_WARN_BOOL_CONVERSION = YES;
				CLANG_WARN_COMMA = YES;
				CLANG_WARN_CONSTANT_CONVERSION = YES;
				CLANG_WARN_DEPRECATED_OBJC_IMPLEMENTATIONS = YES;
				CLANG_WARN_DIRECT_OBJC_ISA_USAGE = YES_ERROR;
				CLANG_WARN_DOCUMENTATION_COMMENTS = YES;
				CLANG_WARN_EMPTY_BODY = YES;
				CLANG_WARN_ENUM_CONVERSION = YES;
				CLANG_WARN_INFINITE_RECURSION = YES;
				CLANG_WARN_INT_CONVERSION = YES;
				CLANG_WARN_NON_LITERAL_NULL_CONVERSION = YES;
				CLANG_WARN_OBJC_IMPLICIT_RETAIN_SELF = YES;
				CLANG_WARN_OBJC_LITERAL_CONVERSION = YES;
				CLANG_WARN_OBJC_ROOT_CLASS = YES_ERROR;
				CLANG_WARN_QUOTED_INCLUDE_IN_FRAMEWORK_HEADER = YES;
				CLANG_WARN_RANGE_LOOP_ANALYSIS = YES;
				CLANG_WARN_STRICT_PROTOTYPES = YES;
				CLANG_WARN_SUSPICIOUS_MOVE = YES;
				CLANG_WARN_UNGUARDED_AVAILABILITY = YES_AGGRESSIVE;
				CLANG_WARN_UNREACHABLE_CODE = YES;
				CLANG_WARN__DUPLICATE_METHOD_MATCH = YES;
				COPY_PHASE_STRIP = NO;
				DEBUG_INFORMATION_FORMAT = dwarf;
				ENABLE_STRICT_OBJC_MSGSEND = YES;
				ENABLE_TESTABILITY = YES;
				GCC_C_LANGUAGE_STANDARD = gnu11;
				GCC_DYNAMIC_NO_PIC = NO;
				GCC_NO_COMMON_BLOCKS = YES;
				GCC_OPTIMIZATION_LEVEL = 0;
				GCC_PREPROCESSOR_DEFINITIONS = (
					"DEBUG=1",
					"$(inherited)",
				);
				GCC_WARN_64_TO_32_BIT_CONVERSION = YES;
				GCC_WARN_ABOUT_RETURN_TYPE = YES_ERROR;
				GCC_WARN_UNDECLARED_SELECTOR = YES;
				GCC_WARN_UNINITIALIZED_AUTOS = YES_AGGRESSIVE;
				GCC_WARN_UNUSED_FUNCTION = YES;
				GCC_WARN_UNUSED_VARIABLE = YES;
				IPHONEOS_DEPLOYMENT_TARGET = 16.0;
				MTL_ENABLE_DEBUG_INFO = INCLUDE_SOURCE;
				MTL_FAST_MATH = YES;
				ONLY_ACTIVE_ARCH = YES;
				SDKROOT = iphoneos;
				SWIFT_ACTIVE_COMPILATION_CONDITIONS = DEBUG;
				SWIFT_OPTIMIZATION_LEVEL = "-Onone";
			};
			name = Debug;
		};
		80C1683F291524C100F39490 /* Release */ = {
			isa = XCBuildConfiguration;
			buildSettings = {
				ALWAYS_SEARCH_USER_PATHS = NO;
				CLANG_ANALYZER_NONNULL = YES;
				CLANG_ANALYZER_NUMBER_OBJECT_CONVERSION = YES_AGGRESSIVE;
				CLANG_CXX_LANGUAGE_STANDARD = "gnu++20";
				CLANG_ENABLE_MODULES = YES;
				CLANG_ENABLE_OBJC_ARC = YES;
				CLANG_ENABLE_OBJC_WEAK = YES;
				CLANG_WARN_BLOCK_CAPTURE_AUTORELEASING = YES;
				CLANG_WARN_BOOL_CONVERSION = YES;
				CLANG_WARN_COMMA = YES;
				CLANG_WARN_CONSTANT_CONVERSION = YES;
				CLANG_WARN_DEPRECATED_OBJC_IMPLEMENTATIONS = YES;
				CLANG_WARN_DIRECT_OBJC_ISA_USAGE = YES_ERROR;
				CLANG_WARN_DOCUMENTATION_COMMENTS = YES;
				CLANG_WARN_EMPTY_BODY = YES;
				CLANG_WARN_ENUM_CONVERSION = YES;
				CLANG_WARN_INFINITE_RECURSION = YES;
				CLANG_WARN_INT_CONVERSION = YES;
				CLANG_WARN_NON_LITERAL_NULL_CONVERSION = YES;
				CLANG_WARN_OBJC_IMPLICIT_RETAIN_SELF = YES;
				CLANG_WARN_OBJC_LITERAL_CONVERSION = YES;
				CLANG_WARN_OBJC_ROOT_CLASS = YES_ERROR;
				CLANG_WARN_QUOTED_INCLUDE_IN_FRAMEWORK_HEADER = YES;
				CLANG_WARN_RANGE_LOOP_ANALYSIS = YES;
				CLANG_WARN_STRICT_PROTOTYPES = YES;
				CLANG_WARN_SUSPICIOUS_MOVE = YES;
				CLANG_WARN_UNGUARDED_AVAILABILITY = YES_AGGRESSIVE;
				CLANG_WARN_UNREACHABLE_CODE = YES;
				CLANG_WARN__DUPLICATE_METHOD_MATCH = YES;
				COPY_PHASE_STRIP = NO;
				DEBUG_INFORMATION_FORMAT = "dwarf-with-dsym";
				ENABLE_NS_ASSERTIONS = NO;
				ENABLE_STRICT_OBJC_MSGSEND = YES;
				GCC_C_LANGUAGE_STANDARD = gnu11;
				GCC_NO_COMMON_BLOCKS = YES;
				GCC_WARN_64_TO_32_BIT_CONVERSION = YES;
				GCC_WARN_ABOUT_RETURN_TYPE = YES_ERROR;
				GCC_WARN_UNDECLARED_SELECTOR = YES;
				GCC_WARN_UNINITIALIZED_AUTOS = YES_AGGRESSIVE;
				GCC_WARN_UNUSED_FUNCTION = YES;
				GCC_WARN_UNUSED_VARIABLE = YES;
				IPHONEOS_DEPLOYMENT_TARGET = 16.0;
				MTL_ENABLE_DEBUG_INFO = NO;
				MTL_FAST_MATH = YES;
				SDKROOT = iphoneos;
				SWIFT_COMPILATION_MODE = wholemodule;
				SWIFT_OPTIMIZATION_LEVEL = "-O";
				VALIDATE_PRODUCT = YES;
			};
			name = Release;
		};
		80C16841291524C100F39490 /* Debug */ = {
			isa = XCBuildConfiguration;
			buildSettings = {
				ASSETCATALOG_COMPILER_APPICON_NAME = AppIcon;
				ASSETCATALOG_COMPILER_GLOBAL_ACCENT_COLOR_NAME = AccentColor;
				CODE_SIGN_STYLE = Automatic;
				CURRENT_PROJECT_VERSION = 1;
				DEVELOPMENT_TEAM = BXKN7XFULF;
				GENERATE_INFOPLIST_FILE = YES;
				"INFOPLIST_FILE[sdk=*]" = AuthorizationApp/App/Info.plist;
				INFOPLIST_KEY_UIApplicationSupportsIndirectInputEvents = YES;
				INFOPLIST_KEY_UILaunchStoryboardName = LaunchScreen;
				INFOPLIST_KEY_UIMainStoryboardFile = Main;
				INFOPLIST_KEY_UISupportedInterfaceOrientations_iPad = "UIInterfaceOrientationPortrait UIInterfaceOrientationPortraitUpsideDown UIInterfaceOrientationLandscapeLeft UIInterfaceOrientationLandscapeRight";
				INFOPLIST_KEY_UISupportedInterfaceOrientations_iPhone = "UIInterfaceOrientationPortrait UIInterfaceOrientationLandscapeLeft UIInterfaceOrientationLandscapeRight";
				LD_RUNPATH_SEARCH_PATHS = (
					"$(inherited)",
					"@executable_path/Frameworks",
				);
				MARKETING_VERSION = 1.0;
				PRODUCT_BUNDLE_IDENTIFIER = "Irina-Baranova.AuthorizationApp";
				PRODUCT_NAME = "$(TARGET_NAME)";
				SWIFT_EMIT_LOC_STRINGS = YES;
				SWIFT_VERSION = 5.0;
				TARGETED_DEVICE_FAMILY = "1,2";
			};
			name = Debug;
		};
		80C16842291524C100F39490 /* Release */ = {
			isa = XCBuildConfiguration;
			buildSettings = {
				ASSETCATALOG_COMPILER_APPICON_NAME = AppIcon;
				ASSETCATALOG_COMPILER_GLOBAL_ACCENT_COLOR_NAME = AccentColor;
				CODE_SIGN_STYLE = Automatic;
				CURRENT_PROJECT_VERSION = 1;
				DEVELOPMENT_TEAM = BXKN7XFULF;
				GENERATE_INFOPLIST_FILE = YES;
				"INFOPLIST_FILE[sdk=*]" = AuthorizationApp/App/Info.plist;
				INFOPLIST_KEY_UIApplicationSupportsIndirectInputEvents = YES;
				INFOPLIST_KEY_UILaunchStoryboardName = LaunchScreen;
				INFOPLIST_KEY_UIMainStoryboardFile = Main;
				INFOPLIST_KEY_UISupportedInterfaceOrientations_iPad = "UIInterfaceOrientationPortrait UIInterfaceOrientationPortraitUpsideDown UIInterfaceOrientationLandscapeLeft UIInterfaceOrientationLandscapeRight";
				INFOPLIST_KEY_UISupportedInterfaceOrientations_iPhone = "UIInterfaceOrientationPortrait UIInterfaceOrientationLandscapeLeft UIInterfaceOrientationLandscapeRight";
				LD_RUNPATH_SEARCH_PATHS = (
					"$(inherited)",
					"@executable_path/Frameworks",
				);
				MARKETING_VERSION = 1.0;
				PRODUCT_BUNDLE_IDENTIFIER = "Irina-Baranova.AuthorizationApp";
				PRODUCT_NAME = "$(TARGET_NAME)";
				SWIFT_EMIT_LOC_STRINGS = YES;
				SWIFT_VERSION = 5.0;
				TARGETED_DEVICE_FAMILY = "1,2";
			};
			name = Release;
		};
/* End XCBuildConfiguration section */

/* Begin XCConfigurationList section */
		80C16827291524BF00F39490 /* Build configuration list for PBXProject "AuthorizationApp" */ = {
			isa = XCConfigurationList;
			buildConfigurations = (
				80C1683E291524C100F39490 /* Debug */,
				80C1683F291524C100F39490 /* Release */,
			);
			defaultConfigurationIsVisible = 0;
			defaultConfigurationName = Release;
		};
		80C16840291524C100F39490 /* Build configuration list for PBXNativeTarget "AuthorizationApp" */ = {
			isa = XCConfigurationList;
			buildConfigurations = (
				80C16841291524C100F39490 /* Debug */,
				80C16842291524C100F39490 /* Release */,
			);
			defaultConfigurationIsVisible = 0;
			defaultConfigurationName = Release;
		};
/* End XCConfigurationList section */
	};
	rootObject = 80C16824291524BF00F39490 /* Project object */;
}
